
Microsoft Visual Studio Solution File, Format Version 12.00
# Visual Studio 14
VisualStudioVersion = 14.0.25123.0
MinimumVisualStudioVersion = 10.0.40219.1
Project("{8BC9CEB8-8B4A-11D0-8D11-00A0C91BC942}") = "OBJRenderableTests", "OBJRenderableTests\OBJRenderableTests.vcxproj", "{62E7B1A5-9304-4A81-A697-37DAD93BE588}"
	ProjectSection(ProjectDependencies) = postProject
		{35832A4F-D5F1-4AB3-8C6D-228E7915E295} = {35832A4F-D5F1-4AB3-8C6D-228E7915E295}
		{DD9D4D6F-56EB-49F4-9B64-6D28D32D6B20} = {DD9D4D6F-56EB-49F4-9B64-6D28D32D6B20}
	EndProjectSection
EndProject
Project("{8BC9CEB8-8B4A-11D0-8D11-00A0C91BC942}") = "OBJRenderableDemo", "OBJRenderableDemo\OBJRenderableDemo.vcxproj", "{7AA8F07B-8209-45A7-B34A-7B2582B54FF6}"
	ProjectSection(ProjectDependencies) = postProject
		{DD9D4D6F-56EB-49F4-9B64-6D28D32D6B20} = {DD9D4D6F-56EB-49F4-9B64-6D28D32D6B20}
	EndProjectSection
EndProject
Project("{8BC9CEB8-8B4A-11D0-8D11-00A0C91BC942}") = "GoogleTest", "GoogleTest\GoogleTest.vcxproj", "{35832A4F-D5F1-4AB3-8C6D-228E7915E295}"
EndProject
Project("{8BC9CEB8-8B4A-11D0-8D11-00A0C91BC942}") = "OBJImport", "OBJImport\OBJImport.vcxproj", "{DD9D4D6F-56EB-49F4-9B64-6D28D32D6B20}"
EndProject
Global
	GlobalSection(SolutionConfigurationPlatforms) = preSolution
		Debug|x64 = Debug|x64
		Debug|x86 = Debug|x86
		Release|x64 = Release|x64
		Release|x86 = Release|x86
	EndGlobalSection
	GlobalSection(ProjectConfigurationPlatforms) = postSolution
		{62E7B1A5-9304-4A81-A697-37DAD93BE588}.Debug|x64.ActiveCfg = Debug|x64
		{62E7B1A5-9304-4A81-A697-37DAD93BE588}.Debug|x64.Build.0 = Debug|x64
		{62E7B1A5-9304-4A81-A697-37DAD93BE588}.Debug|x86.ActiveCfg = Debug|Win32
		{62E7B1A5-9304-4A81-A697-37DAD93BE588}.Debug|x86.Build.0 = Debug|Win32
		{62E7B1A5-9304-4A81-A697-37DAD93BE588}.Release|x64.ActiveCfg = Release|x64
		{62E7B1A5-9304-4A81-A697-37DAD93BE588}.Release|x64.Build.0 = Release|x64
		{62E7B1A5-9304-4A81-A697-37DAD93BE588}.Release|x86.ActiveCfg = Release|Win32
		{62E7B1A5-9304-4A81-A697-37DAD93BE588}.Release|x86.Build.0 = Release|Win32
		{7AA8F07B-8209-45A7-B34A-7B2582B54FF6}.Debug|x64.ActiveCfg = Debug|x64
		{7AA8F07B-8209-45A7-B34A-7B2582B54FF6}.Debug|x64.Build.0 = Debug|x64
		{7AA8F07B-8209-45A7-B34A-7B2582B54FF6}.Debug|x86.ActiveCfg = Debug|Win32
		{7AA8F07B-8209-45A7-B34A-7B2582B54FF6}.Debug|x86.Build.0 = Debug|Win32
		{7AA8F07B-8209-45A7-B34A-7B2582B54FF6}.Release|x64.ActiveCfg = Release|x64
		{7AA8F07B-8209-45A7-B34A-7B2582B54FF6}.Release|x64.Build.0 = Release|x64
		{7AA8F07B-8209-45A7-B34A-7B2582B54FF6}.Release|x86.ActiveCfg = Release|Win32
		{7AA8F07B-8209-45A7-B34A-7B2582B54FF6}.Release|x86.Build.0 = Release|Win32
		{35832A4F-D5F1-4AB3-8C6D-228E7915E295}.Debug|x64.ActiveCfg = Debug|x64
		{35832A4F-D5F1-4AB3-8C6D-228E7915E295}.Debug|x64.Build.0 = Debug|x64
		{35832A4F-D5F1-4AB3-8C6D-228E7915E295}.Debug|x86.ActiveCfg = Debug|Win32
		{35832A4F-D5F1-4AB3-8C6D-228E7915E295}.Debug|x86.Build.0 = Debug|Win32
		{35832A4F-D5F1-4AB3-8C6D-228E7915E295}.Release|x64.ActiveCfg = Release|x64
		{35832A4F-D5F1-4AB3-8C6D-228E7915E295}.Release|x64.Build.0 = Release|x64
		{35832A4F-D5F1-4AB3-8C6D-228E7915E295}.Release|x86.ActiveCfg = Release|Win32
		{35832A4F-D5F1-4AB3-8C6D-228E7915E295}.Release|x86.Build.0 = Release|Win32
		{DD9D4D6F-56EB-49F4-9B64-6D28D32D6B20}.Debug|x64.ActiveCfg = Debug|x64
		{DD9D4D6F-56EB-49F4-9B64-6D28D32D6B20}.Debug|x64.Build.0 = Debug|x64
		{DD9D4D6F-56EB-49F4-9B64-6D28D32D6B20}.Debug|x86.ActiveCfg = Debug|Win32
		{DD9D4D6F-56EB-49F4-9B64-6D28D32D6B20}.Debug|x86.Build.0 = Debug|Win32
		{DD9D4D6F-56EB-49F4-9B64-6D28D32D6B20}.Release|x64.ActiveCfg = Release|x64
		{DD9D4D6F-56EB-49F4-9B64-6D28D32D6B20}.Release|x64.Build.0 = Release|x64
		{DD9D4D6F-56EB-49F4-9B64-6D28D32D6B20}.Release|x86.ActiveCfg = Release|Win32
		{DD9D4D6F-56EB-49F4-9B64-6D28D32D6B20}.Release|x86.Build.0 = Release|Win32
	EndGlobalSection
	GlobalSection(SolutionProperties) = preSolution
		HideSolutionNode = FALSE
	EndGlobalSection
EndGlobal
